<?xml version="1.0" encoding="utf-8"?>
<Project ToolsVersion="4.0" xmlns="http://schemas.microsoft.com/developer/msbuild/2003">
  <ItemGroup>
    <Filter Include="Source Files">
      <UniqueIdentifier>{4FC737F1-C7A5-4376-A066-2A32D752A2FF}</UniqueIdentifier>
      <Extensions>cpp;c;cc;cxx;def;odl;idl;hpj;bat;asm;asmx</Extensions>
    </Filter>
    <Filter Include="Header Files">
      <UniqueIdentifier>{93995380-89BD-4b04-88EB-625FBE52EBFB}</UniqueIdentifier>
      <Extensions>h;hh;hpp;hxx;hm;inl;inc;xsd</Extensions>
    </Filter>
    <Filter Include="Resource Files">
      <UniqueIdentifier>{67DA6AB6-F800-4c08-8B7A-83BB121AAD01}</UniqueIdentifier>
      <Extensions>rc;ico;cur;bmp;dlg;rc2;rct;bin;rgs;gif;jpg;jpeg;jpe;resx;tiff;tif;png;wav;mfcribbon-ms</Extensions>
    </Filter>
    <Filter Include="Shaders">
      <UniqueIdentifier>{7311a435-677b-45f4-bc47-cc02687166e8}</UniqueIdentifier>
    </Filter>
  </ItemGroup>
  <ItemGroup>
    <None Include="packages.config" />
    <None Include="vert.glsl">
      <Filter>Shaders</Filter>
    </None>
    <None Include="frag.glsl">
      <Filter>Shaders</Filter>
    </None>
    <None Include="basicShader.fs" />
    <None Include="basicShader.vs" />
    <None Include="normalShader.vs" />
    <None Include="normalShader.fs" />
  </ItemGroup>
  <ItemGroup>
    <ClCompile Include="SimUtil.cpp">
      <Filter>Source Files</Filter>
    </ClCompile>
    <ClCompile Include="classicSolver.cpp">
      <Filter>Source Files</Filter>
    </ClCompile>
    <ClCompile Include="RenderUtil.cpp">
      <Filter>Source Files</Filter>
    </ClCompile>
    <ClCompile Include="FluidSolver3d.cpp">
      <Filter>Source Files</Filter>
    </ClCompile>
    <ClCompile Include="FluidRenderer3d.cpp">
      <Filter>Source Files</Filter>
    </ClCompile>
    <ClCompile Include="FluidSim3dMain.cpp">
      <Filter>Source Files</Filter>
    </ClCompile>
    <ClCompile Include="MarchingCubes.cpp">
      <Filter>Source Files</Filter>
    </ClCompile>
  </ItemGroup>
  <ItemGroup>
    <ClInclude Include="SimUtil.h">
      <Filter>Header Files</Filter>
    </ClInclude>
    <ClInclude Include="resource.h">
      <Filter>Header Files</Filter>
    </ClInclude>
    <ClInclude Include="classicSolver.h">
      <Filter>Header Files</Filter>
    </ClInclude>
    <ClInclude Include="RenderUtil.h">
      <Filter>Header Files</Filter>
    </ClInclude>
    <ClInclude Include="FluidSolver3d.h">
      <Filter>Header Files</Filter>
    </ClInclude>
    <ClInclude Include="FluidRenderer3d.h">
      <Filter>Header Files</Filter>
    </ClInclude>
    <ClInclude Include="MarchingCubes.h">
      <Filter>Header Files</Filter>
    </ClInclude>
  </ItemGroup>
  <ItemGroup>
    <ResourceCompile Include="FluidSim3D.rc">
      <Filter>Resource Files</Filter>
    </ResourceCompile>
  </ItemGroup>
</Project>